// !$*UTF8*$!
{
	archiveVersion = 1;
	classes = {
	};
	objectVersion = 51;
	objects = {

/* Begin PBXBuildFile section */
		203076BB27B56ADD00A2AD36 /* Platforms.swift in Sources */ = {isa = PBXBuildFile; fileRef = 203076BA27B56ADD00A2AD36 /* Platforms.swift */; };
		203076BF27B56DF500A2AD36 /* SearchResult.swift in Sources */ = {isa = PBXBuildFile; fileRef = 203076BE27B56DF500A2AD36 /* SearchResult.swift */; };
		203076C527B572F500A2AD36 /* TvShowService.swift in Sources */ = {isa = PBXBuildFile; fileRef = 203076C427B572F500A2AD36 /* TvShowService.swift */; };
		203076C927B57C0000A2AD36 /* NetworkService.swift in Sources */ = {isa = PBXBuildFile; fileRef = 203076C827B57C0000A2AD36 /* NetworkService.swift */; };
		203076CD27B67E0C00A2AD36 /* UITableView+Extension.swift in Sources */ = {isa = PBXBuildFile; fileRef = 203076CC27B67E0C00A2AD36 /* UITableView+Extension.swift */; };
		203076D127B6AE7C00A2AD36 /* TvShowPreviewProtocol.swift in Sources */ = {isa = PBXBuildFile; fileRef = 203076D027B6AE7C00A2AD36 /* TvShowPreviewProtocol.swift */; };
		203076D527B6C3E100A2AD36 /* ShowResultDetailsViewController.swift in Sources */ = {isa = PBXBuildFile; fileRef = 203076D427B6C3E100A2AD36 /* ShowResultDetailsViewController.swift */; };
		203076E127BAA83000A2AD36 /* UIColor+Extension.swift in Sources */ = {isa = PBXBuildFile; fileRef = 203076E027BAA82F00A2AD36 /* UIColor+Extension.swift */; };
		203076E527BAAC3500A2AD36 /* ShowDetail.swift in Sources */ = {isa = PBXBuildFile; fileRef = 203076E427BAAC3500A2AD36 /* ShowDetail.swift */; };
		203076E927BBBC9D00A2AD36 /* TvShowPreviewTableViewCell.swift in Sources */ = {isa = PBXBuildFile; fileRef = 203076E827BBBC9C00A2AD36 /* TvShowPreviewTableViewCell.swift */; };
		203076FC27BBFC4900A2AD36 /* UserRepository.swift in Sources */ = {isa = PBXBuildFile; fileRef = 203076FB27BBFC4900A2AD36 /* UserRepository.swift */; };
		2030770627BD0D2000A2AD36 /* User.swift in Sources */ = {isa = PBXBuildFile; fileRef = 2030770527BD0D2000A2AD36 /* User.swift */; };
		2030770C27BD366B00A2AD36 /* Watchin.xcdatamodeld in Sources */ = {isa = PBXBuildFile; fileRef = 2030770A27BD366B00A2AD36 /* Watchin.xcdatamodeld */; };
		2030771027BD369100A2AD36 /* CoreDataStack.swift in Sources */ = {isa = PBXBuildFile; fileRef = 2030770F27BD369100A2AD36 /* CoreDataStack.swift */; };
		206930F027D3BC6500D82268 /* String+Extension.swift in Sources */ = {isa = PBXBuildFile; fileRef = 206930EF27D3BC6500D82268 /* String+Extension.swift */; };
		206930F427D4F38000D82268 /* WatchinLaterTableViewCell.swift in Sources */ = {isa = PBXBuildFile; fileRef = 206930F327D4F37F00D82268 /* WatchinLaterTableViewCell.swift */; };
		20A18E1F27D6074700871DB9 /* WatchinLaterShowDetailsViewController.swift in Sources */ = {isa = PBXBuildFile; fileRef = 20A18E1E27D6074700871DB9 /* WatchinLaterShowDetailsViewController.swift */; };
		20C56D7E27CCD71F00927D6F /* Episode.swift in Sources */ = {isa = PBXBuildFile; fileRef = 20C56D7D27CCD71F00927D6F /* Episode.swift */; };
		20C56D8327CE7B3200927D6F /* PlatformPickerViewController.swift in Sources */ = {isa = PBXBuildFile; fileRef = 20C56D8227CE7B3200927D6F /* PlatformPickerViewController.swift */; };
		20DB581127B162AE0007B649 /* AppDelegate.swift in Sources */ = {isa = PBXBuildFile; fileRef = 20DB581027B162AE0007B649 /* AppDelegate.swift */; };
		20DB581327B162AE0007B649 /* SceneDelegate.swift in Sources */ = {isa = PBXBuildFile; fileRef = 20DB581227B162AE0007B649 /* SceneDelegate.swift */; };
		20DB581827B162AE0007B649 /* Main.storyboard in Resources */ = {isa = PBXBuildFile; fileRef = 20DB581627B162AE0007B649 /* Main.storyboard */; };
		20DB581A27B162BC0007B649 /* Assets.xcassets in Resources */ = {isa = PBXBuildFile; fileRef = 20DB581927B162BC0007B649 /* Assets.xcassets */; };
		20DB581D27B162BC0007B649 /* LaunchScreen.storyboard in Resources */ = {isa = PBXBuildFile; fileRef = 20DB581B27B162BC0007B649 /* LaunchScreen.storyboard */; };
		20DB582827B162BC0007B649 /* WatchinTests.swift in Sources */ = {isa = PBXBuildFile; fileRef = 20DB582727B162BC0007B649 /* WatchinTests.swift */; };
		20E164A927B182190057E42C /* HomeViewController.swift in Sources */ = {isa = PBXBuildFile; fileRef = 20E164A827B182190057E42C /* HomeViewController.swift */; };
		20E164AD27B182670057E42C /* SearchViewController.swift in Sources */ = {isa = PBXBuildFile; fileRef = 20E164AC27B182670057E42C /* SearchViewController.swift */; };
		20E164B127B1830E0057E42C /* WatchinLaterViewController.swift in Sources */ = {isa = PBXBuildFile; fileRef = 20E164B027B1830E0057E42C /* WatchinLaterViewController.swift */; };
		20E164B927B3C7CF0057E42C /* TvShowTableViewCell.swift in Sources */ = {isa = PBXBuildFile; fileRef = 20E164B827B3C7CF0057E42C /* TvShowTableViewCell.swift */; };
		20E164BD27B3CF020057E42C /* EditProfileViewController.swift in Sources */ = {isa = PBXBuildFile; fileRef = 20E164BC27B3CF020057E42C /* EditProfileViewController.swift */; };
		20E164C927B4111D0057E42C /* UITextField+Extension.swift in Sources */ = {isa = PBXBuildFile; fileRef = 20E164C827B4111D0057E42C /* UITextField+Extension.swift */; };
		20F1B2E927C2AC8200AC3874 /* WatchinShow.swift in Sources */ = {isa = PBXBuildFile; fileRef = 20F1B2E827C2AC8200AC3874 /* WatchinShow.swift */; };
		20F1B2F127C39CC300AC3874 /* WatchinShowRepository.swift in Sources */ = {isa = PBXBuildFile; fileRef = 20F1B2F027C39CC300AC3874 /* WatchinShowRepository.swift */; };
		20F1B2F927C3E14A00AC3874 /* ShowDetailFormatted.swift in Sources */ = {isa = PBXBuildFile; fileRef = 20F1B2F827C3E14A00AC3874 /* ShowDetailFormatted.swift */; };
		20F1B2FD27C4EF0700AC3874 /* Show.swift in Sources */ = {isa = PBXBuildFile; fileRef = 20F1B2FC27C4EF0600AC3874 /* Show.swift */; };
		20F1B30727C69BFB00AC3874 /* TrackingViewController.swift in Sources */ = {isa = PBXBuildFile; fileRef = 20F1B30627C69BFB00AC3874 /* TrackingViewController.swift */; };
		20FA1E2527C8E8A000DA009E /* EpisodeTableViewCell.swift in Sources */ = {isa = PBXBuildFile; fileRef = 20FA1E2427C8E8A000DA009E /* EpisodeTableViewCell.swift */; };
		20FA1E2F27C8EA1900DA009E /* EpisodeFormatted.swift in Sources */ = {isa = PBXBuildFile; fileRef = 20FA1E2E27C8EA1900DA009E /* EpisodeFormatted.swift */; };
		20FA1E3927C926F200DA009E /* EpisodeDetail.swift in Sources */ = {isa = PBXBuildFile; fileRef = 20FA1E3827C926F200DA009E /* EpisodeDetail.swift */; };
		20FA1E3D27C9272900DA009E /* EpisodeDetailRepository.swift in Sources */ = {isa = PBXBuildFile; fileRef = 20FA1E3C27C9272900DA009E /* EpisodeDetailRepository.swift */; };
		D7D7231AD882FE574B371B07 /* Pods_WatchinTests.framework in Frameworks */ = {isa = PBXBuildFile; fileRef = 6C46AC8A1735A9193F671027 /* Pods_WatchinTests.framework */; };
		E205BC7BD18710ED5E07B310 /* Pods_Watchin.framework in Frameworks */ = {isa = PBXBuildFile; fileRef = AC78C2B8A6DEDABC334B32E6 /* Pods_Watchin.framework */; };
/* End PBXBuildFile section */

/* Begin PBXContainerItemProxy section */
		20DB582427B162BC0007B649 /* PBXContainerItemProxy */ = {
			isa = PBXContainerItemProxy;
			containerPortal = 20DB580527B162AD0007B649 /* Project object */;
			proxyType = 1;
			remoteGlobalIDString = 20DB580C27B162AD0007B649;
			remoteInfo = Watchin;
		};
/* End PBXContainerItemProxy section */

/* Begin PBXFileReference section */
		11A099D167BD5C0DCF5B48F5 /* Pods-Watchin.debug.xcconfig */ = {isa = PBXFileReference; includeInIndex = 1; lastKnownFileType = text.xcconfig; name = "Pods-Watchin.debug.xcconfig"; path = "Target Support Files/Pods-Watchin/Pods-Watchin.debug.xcconfig"; sourceTree = "<group>"; };
		203076BA27B56ADD00A2AD36 /* Platforms.swift */ = {isa = PBXFileReference; lastKnownFileType = sourcecode.swift; path = Platforms.swift; sourceTree = "<group>"; };
		203076BE27B56DF500A2AD36 /* SearchResult.swift */ = {isa = PBXFileReference; lastKnownFileType = sourcecode.swift; path = SearchResult.swift; sourceTree = "<group>"; };
		203076C427B572F500A2AD36 /* TvShowService.swift */ = {isa = PBXFileReference; lastKnownFileType = sourcecode.swift; path = TvShowService.swift; sourceTree = "<group>"; };
		203076C827B57C0000A2AD36 /* NetworkService.swift */ = {isa = PBXFileReference; lastKnownFileType = sourcecode.swift; path = NetworkService.swift; sourceTree = "<group>"; };
		203076CC27B67E0C00A2AD36 /* UITableView+Extension.swift */ = {isa = PBXFileReference; lastKnownFileType = sourcecode.swift; path = "UITableView+Extension.swift"; sourceTree = "<group>"; };
		203076D027B6AE7C00A2AD36 /* TvShowPreviewProtocol.swift */ = {isa = PBXFileReference; lastKnownFileType = sourcecode.swift; path = TvShowPreviewProtocol.swift; sourceTree = "<group>"; };
		203076D427B6C3E100A2AD36 /* ShowResultDetailsViewController.swift */ = {isa = PBXFileReference; lastKnownFileType = sourcecode.swift; path = ShowResultDetailsViewController.swift; sourceTree = "<group>"; };
		203076E027BAA82F00A2AD36 /* UIColor+Extension.swift */ = {isa = PBXFileReference; lastKnownFileType = sourcecode.swift; path = "UIColor+Extension.swift"; sourceTree = "<group>"; };
		203076E427BAAC3500A2AD36 /* ShowDetail.swift */ = {isa = PBXFileReference; lastKnownFileType = sourcecode.swift; path = ShowDetail.swift; sourceTree = "<group>"; };
		203076E827BBBC9C00A2AD36 /* TvShowPreviewTableViewCell.swift */ = {isa = PBXFileReference; lastKnownFileType = sourcecode.swift; path = TvShowPreviewTableViewCell.swift; sourceTree = "<group>"; };
		203076FB27BBFC4900A2AD36 /* UserRepository.swift */ = {isa = PBXFileReference; lastKnownFileType = sourcecode.swift; path = UserRepository.swift; sourceTree = "<group>"; };
		2030770527BD0D2000A2AD36 /* User.swift */ = {isa = PBXFileReference; lastKnownFileType = sourcecode.swift; path = User.swift; sourceTree = "<group>"; };
		2030770B27BD366B00A2AD36 /* Watchin.xcdatamodel */ = {isa = PBXFileReference; lastKnownFileType = wrapper.xcdatamodel; path = Watchin.xcdatamodel; sourceTree = "<group>"; };
		2030770F27BD369100A2AD36 /* CoreDataStack.swift */ = {isa = PBXFileReference; lastKnownFileType = sourcecode.swift; path = CoreDataStack.swift; sourceTree = "<group>"; };
		206930EF27D3BC6500D82268 /* String+Extension.swift */ = {isa = PBXFileReference; lastKnownFileType = sourcecode.swift; path = "String+Extension.swift"; sourceTree = "<group>"; };
		206930F327D4F37F00D82268 /* WatchinLaterTableViewCell.swift */ = {isa = PBXFileReference; lastKnownFileType = sourcecode.swift; path = WatchinLaterTableViewCell.swift; sourceTree = "<group>"; };
		20A18E1E27D6074700871DB9 /* WatchinLaterShowDetailsViewController.swift */ = {isa = PBXFileReference; lastKnownFileType = sourcecode.swift; path = WatchinLaterShowDetailsViewController.swift; sourceTree = "<group>"; };
		20C56D7D27CCD71F00927D6F /* Episode.swift */ = {isa = PBXFileReference; lastKnownFileType = sourcecode.swift; path = Episode.swift; sourceTree = "<group>"; };
		20C56D8227CE7B3200927D6F /* PlatformPickerViewController.swift */ = {isa = PBXFileReference; lastKnownFileType = sourcecode.swift; path = PlatformPickerViewController.swift; sourceTree = "<group>"; };
		20DB580D27B162AE0007B649 /* Watchin.app */ = {isa = PBXFileReference; explicitFileType = wrapper.application; includeInIndex = 0; path = Watchin.app; sourceTree = BUILT_PRODUCTS_DIR; };
		20DB581027B162AE0007B649 /* AppDelegate.swift */ = {isa = PBXFileReference; lastKnownFileType = sourcecode.swift; path = AppDelegate.swift; sourceTree = "<group>"; };
		20DB581227B162AE0007B649 /* SceneDelegate.swift */ = {isa = PBXFileReference; lastKnownFileType = sourcecode.swift; path = SceneDelegate.swift; sourceTree = "<group>"; };
		20DB581727B162AE0007B649 /* Base */ = {isa = PBXFileReference; lastKnownFileType = file.storyboard; name = Base; path = Base.lproj/Main.storyboard; sourceTree = "<group>"; };
		20DB581927B162BC0007B649 /* Assets.xcassets */ = {isa = PBXFileReference; lastKnownFileType = folder.assetcatalog; path = Assets.xcassets; sourceTree = "<group>"; };
		20DB581C27B162BC0007B649 /* Base */ = {isa = PBXFileReference; lastKnownFileType = file.storyboard; name = Base; path = Base.lproj/LaunchScreen.storyboard; sourceTree = "<group>"; };
		20DB581E27B162BC0007B649 /* Info.plist */ = {isa = PBXFileReference; lastKnownFileType = text.plist.xml; path = Info.plist; sourceTree = "<group>"; };
		20DB582327B162BC0007B649 /* WatchinTests.xctest */ = {isa = PBXFileReference; explicitFileType = wrapper.cfbundle; includeInIndex = 0; path = WatchinTests.xctest; sourceTree = BUILT_PRODUCTS_DIR; };
		20DB582727B162BC0007B649 /* WatchinTests.swift */ = {isa = PBXFileReference; lastKnownFileType = sourcecode.swift; path = WatchinTests.swift; sourceTree = "<group>"; };
		20DB582927B162BC0007B649 /* Info.plist */ = {isa = PBXFileReference; lastKnownFileType = text.plist.xml; path = Info.plist; sourceTree = "<group>"; };
		20E164A827B182190057E42C /* HomeViewController.swift */ = {isa = PBXFileReference; lastKnownFileType = sourcecode.swift; path = HomeViewController.swift; sourceTree = "<group>"; };
		20E164AC27B182670057E42C /* SearchViewController.swift */ = {isa = PBXFileReference; lastKnownFileType = sourcecode.swift; path = SearchViewController.swift; sourceTree = "<group>"; };
		20E164B027B1830E0057E42C /* WatchinLaterViewController.swift */ = {isa = PBXFileReference; lastKnownFileType = sourcecode.swift; path = WatchinLaterViewController.swift; sourceTree = "<group>"; };
		20E164B827B3C7CF0057E42C /* TvShowTableViewCell.swift */ = {isa = PBXFileReference; lastKnownFileType = sourcecode.swift; path = TvShowTableViewCell.swift; sourceTree = "<group>"; };
		20E164BC27B3CF020057E42C /* EditProfileViewController.swift */ = {isa = PBXFileReference; lastKnownFileType = sourcecode.swift; path = EditProfileViewController.swift; sourceTree = "<group>"; };
		20E164C827B4111D0057E42C /* UITextField+Extension.swift */ = {isa = PBXFileReference; lastKnownFileType = sourcecode.swift; path = "UITextField+Extension.swift"; sourceTree = "<group>"; };
		20F1B2E827C2AC8200AC3874 /* WatchinShow.swift */ = {isa = PBXFileReference; lastKnownFileType = sourcecode.swift; path = WatchinShow.swift; sourceTree = "<group>"; };
		20F1B2F027C39CC300AC3874 /* WatchinShowRepository.swift */ = {isa = PBXFileReference; lastKnownFileType = sourcecode.swift; path = WatchinShowRepository.swift; sourceTree = "<group>"; };
		20F1B2F827C3E14A00AC3874 /* ShowDetailFormatted.swift */ = {isa = PBXFileReference; lastKnownFileType = sourcecode.swift; path = ShowDetailFormatted.swift; sourceTree = "<group>"; };
		20F1B2FC27C4EF0600AC3874 /* Show.swift */ = {isa = PBXFileReference; lastKnownFileType = sourcecode.swift; path = Show.swift; sourceTree = "<group>"; };
		20F1B30627C69BFB00AC3874 /* TrackingViewController.swift */ = {isa = PBXFileReference; lastKnownFileType = sourcecode.swift; path = TrackingViewController.swift; sourceTree = "<group>"; };
		20FA1E2427C8E8A000DA009E /* EpisodeTableViewCell.swift */ = {isa = PBXFileReference; lastKnownFileType = sourcecode.swift; path = EpisodeTableViewCell.swift; sourceTree = "<group>"; };
		20FA1E2E27C8EA1900DA009E /* EpisodeFormatted.swift */ = {isa = PBXFileReference; lastKnownFileType = sourcecode.swift; path = EpisodeFormatted.swift; sourceTree = "<group>"; };
		20FA1E3827C926F200DA009E /* EpisodeDetail.swift */ = {isa = PBXFileReference; lastKnownFileType = sourcecode.swift; path = EpisodeDetail.swift; sourceTree = "<group>"; };
		20FA1E3C27C9272900DA009E /* EpisodeDetailRepository.swift */ = {isa = PBXFileReference; lastKnownFileType = sourcecode.swift; path = EpisodeDetailRepository.swift; sourceTree = "<group>"; };
		38BB3F411BC8914E025AD359 /* Pods-WatchinTests.debug.xcconfig */ = {isa = PBXFileReference; includeInIndex = 1; lastKnownFileType = text.xcconfig; name = "Pods-WatchinTests.debug.xcconfig"; path = "Target Support Files/Pods-WatchinTests/Pods-WatchinTests.debug.xcconfig"; sourceTree = "<group>"; };
		6623109F53824A104C01BC1C /* Pods-WatchinTests.release.xcconfig */ = {isa = PBXFileReference; includeInIndex = 1; lastKnownFileType = text.xcconfig; name = "Pods-WatchinTests.release.xcconfig"; path = "Target Support Files/Pods-WatchinTests/Pods-WatchinTests.release.xcconfig"; sourceTree = "<group>"; };
		6C46AC8A1735A9193F671027 /* Pods_WatchinTests.framework */ = {isa = PBXFileReference; explicitFileType = wrapper.framework; includeInIndex = 0; path = Pods_WatchinTests.framework; sourceTree = BUILT_PRODUCTS_DIR; };
		AC78C2B8A6DEDABC334B32E6 /* Pods_Watchin.framework */ = {isa = PBXFileReference; explicitFileType = wrapper.framework; includeInIndex = 0; path = Pods_Watchin.framework; sourceTree = BUILT_PRODUCTS_DIR; };
		FBC58889AFFAA2DAB267E2A2 /* Pods-Watchin.release.xcconfig */ = {isa = PBXFileReference; includeInIndex = 1; lastKnownFileType = text.xcconfig; name = "Pods-Watchin.release.xcconfig"; path = "Target Support Files/Pods-Watchin/Pods-Watchin.release.xcconfig"; sourceTree = "<group>"; };
/* End PBXFileReference section */

/* Begin PBXFrameworksBuildPhase section */
		20DB580A27B162AD0007B649 /* Frameworks */ = {
			isa = PBXFrameworksBuildPhase;
			buildActionMask = 2147483647;
			files = (
				E205BC7BD18710ED5E07B310 /* Pods_Watchin.framework in Frameworks */,
			);
			runOnlyForDeploymentPostprocessing = 0;
		};
		20DB582027B162BC0007B649 /* Frameworks */ = {
			isa = PBXFrameworksBuildPhase;
			buildActionMask = 2147483647;
			files = (
				D7D7231AD882FE574B371B07 /* Pods_WatchinTests.framework in Frameworks */,
			);
			runOnlyForDeploymentPostprocessing = 0;
		};
/* End PBXFrameworksBuildPhase section */

/* Begin PBXGroup section */
		0522C00DBE6F75E45CA6B3D5 /* Pods */ = {
			isa = PBXGroup;
			children = (
				11A099D167BD5C0DCF5B48F5 /* Pods-Watchin.debug.xcconfig */,
				FBC58889AFFAA2DAB267E2A2 /* Pods-Watchin.release.xcconfig */,
				38BB3F411BC8914E025AD359 /* Pods-WatchinTests.debug.xcconfig */,
				6623109F53824A104C01BC1C /* Pods-WatchinTests.release.xcconfig */,
			);
			path = Pods;
			sourceTree = "<group>";
		};
		2030770927BD361700A2AD36 /* CoreData */ = {
			isa = PBXGroup;
			children = (
				2030770A27BD366B00A2AD36 /* Watchin.xcdatamodeld */,
				2030770F27BD369100A2AD36 /* CoreDataStack.swift */,
			);
			path = CoreData;
			sourceTree = "<group>";
		};
		20C56D8E27D0D15B00927D6F /* Watchin Later Scene */ = {
			isa = PBXGroup;
			children = (
				20E164B027B1830E0057E42C /* WatchinLaterViewController.swift */,
				20A18E1E27D6074700871DB9 /* WatchinLaterShowDetailsViewController.swift */,
			);
			path = "Watchin Later Scene";
			sourceTree = "<group>";
		};
		20C56D8F27D0D16D00927D6F /* Search Scene */ = {
			isa = PBXGroup;
			children = (
				20E164AC27B182670057E42C /* SearchViewController.swift */,
				203076D427B6C3E100A2AD36 /* ShowResultDetailsViewController.swift */,
			);
			path = "Search Scene";
			sourceTree = "<group>";
		};
		20C56D9027D0D17700927D6F /* Home Scene */ = {
			isa = PBXGroup;
			children = (
				20C56D8227CE7B3200927D6F /* PlatformPickerViewController.swift */,
				20F1B30627C69BFB00AC3874 /* TrackingViewController.swift */,
				20E164BC27B3CF020057E42C /* EditProfileViewController.swift */,
				20E164A827B182190057E42C /* HomeViewController.swift */,
			);
			path = "Home Scene";
			sourceTree = "<group>";
		};
		20DB580427B162AD0007B649 = {
			isa = PBXGroup;
			children = (
				20DB580F27B162AE0007B649 /* Watchin */,
				20DB582627B162BC0007B649 /* WatchinTests */,
				20DB580E27B162AE0007B649 /* Products */,
				0522C00DBE6F75E45CA6B3D5 /* Pods */,
				EF8B381884DB4EE1A5E31CEE /* Frameworks */,
			);
			sourceTree = "<group>";
		};
		20DB580E27B162AE0007B649 /* Products */ = {
			isa = PBXGroup;
			children = (
				20DB580D27B162AE0007B649 /* Watchin.app */,
				20DB582327B162BC0007B649 /* WatchinTests.xctest */,
			);
			name = Products;
			sourceTree = "<group>";
		};
		20DB580F27B162AE0007B649 /* Watchin */ = {
			isa = PBXGroup;
			children = (
				20DB584A27B164540007B649 /* Supporting Files */,
				20DB584927B1642F0007B649 /* Model */,
				20DB584827B164260007B649 /* View */,
				20DB584727B1641A0007B649 /* Controller */,
			);
			path = Watchin;
			sourceTree = "<group>";
		};
		20DB582627B162BC0007B649 /* WatchinTests */ = {
			isa = PBXGroup;
			children = (
				20DB582727B162BC0007B649 /* WatchinTests.swift */,
				20DB582927B162BC0007B649 /* Info.plist */,
			);
			path = WatchinTests;
			sourceTree = "<group>";
		};
		20DB584727B1641A0007B649 /* Controller */ = {
			isa = PBXGroup;
			children = (
				20C56D9027D0D17700927D6F /* Home Scene */,
				20C56D8F27D0D16D00927D6F /* Search Scene */,
				20C56D8E27D0D15B00927D6F /* Watchin Later Scene */,
			);
			path = Controller;
			sourceTree = "<group>";
		};
		20DB584827B164260007B649 /* View */ = {
			isa = PBXGroup;
			children = (
				20F1B30E27C8E40200AC3874 /* Extensions */,
				20DB581627B162AE0007B649 /* Main.storyboard */,
				203076E827BBBC9C00A2AD36 /* TvShowPreviewTableViewCell.swift */,
				20E164B827B3C7CF0057E42C /* TvShowTableViewCell.swift */,
				20FA1E2427C8E8A000DA009E /* EpisodeTableViewCell.swift */,
				206930F327D4F37F00D82268 /* WatchinLaterTableViewCell.swift */,
			);
			path = View;
			sourceTree = "<group>";
		};
		20DB584927B1642F0007B649 /* Model */ = {
			isa = PBXGroup;
			children = (
				20FA1E4127C937F600DA009E /* Protocols */,
				20FA1E4027C937A800DA009E /* External API Data */,
				20FA1E4227C9384800DA009E /* Network */,
				20FA1E4327C9389300DA009E /* User */,
				2030770927BD361700A2AD36 /* CoreData */,
				20FA1E4427C938F400DA009E /* CoreData Objects + Repositories */,
				203076BA27B56ADD00A2AD36 /* Platforms.swift */,
				20F1B2FC27C4EF0600AC3874 /* Show.swift */,
				20C56D7D27CCD71F00927D6F /* Episode.swift */,
				206930EF27D3BC6500D82268 /* String+Extension.swift */,
			);
			path = Model;
			sourceTree = "<group>";
		};
		20DB584A27B164540007B649 /* Supporting Files */ = {
			isa = PBXGroup;
			children = (
				20DB581E27B162BC0007B649 /* Info.plist */,
				20DB581B27B162BC0007B649 /* LaunchScreen.storyboard */,
				20DB581927B162BC0007B649 /* Assets.xcassets */,
				20DB581227B162AE0007B649 /* SceneDelegate.swift */,
				20DB581027B162AE0007B649 /* AppDelegate.swift */,
			);
			path = "Supporting Files";
			sourceTree = "<group>";
		};
		20F1B30E27C8E40200AC3874 /* Extensions */ = {
			isa = PBXGroup;
			children = (
				20E164C827B4111D0057E42C /* UITextField+Extension.swift */,
				203076CC27B67E0C00A2AD36 /* UITableView+Extension.swift */,
				203076E027BAA82F00A2AD36 /* UIColor+Extension.swift */,
			);
			path = Extensions;
			sourceTree = "<group>";
		};
		20FA1E4027C937A800DA009E /* External API Data */ = {
			isa = PBXGroup;
			children = (
				203076BE27B56DF500A2AD36 /* SearchResult.swift */,
				203076E427BAAC3500A2AD36 /* ShowDetail.swift */,
			);
			path = "External API Data";
			sourceTree = "<group>";
		};
		20FA1E4127C937F600DA009E /* Protocols */ = {
			isa = PBXGroup;
			children = (
				203076D027B6AE7C00A2AD36 /* TvShowPreviewProtocol.swift */,
				20F1B2F827C3E14A00AC3874 /* ShowDetailFormatted.swift */,
				20FA1E2E27C8EA1900DA009E /* EpisodeFormatted.swift */,
			);
			path = Protocols;
			sourceTree = "<group>";
		};
		20FA1E4227C9384800DA009E /* Network */ = {
			isa = PBXGroup;
			children = (
				203076C827B57C0000A2AD36 /* NetworkService.swift */,
				203076C427B572F500A2AD36 /* TvShowService.swift */,
			);
			path = Network;
			sourceTree = "<group>";
		};
		20FA1E4327C9389300DA009E /* User */ = {
			isa = PBXGroup;
			children = (
				2030770527BD0D2000A2AD36 /* User.swift */,
				203076FB27BBFC4900A2AD36 /* UserRepository.swift */,
			);
			path = User;
			sourceTree = "<group>";
		};
		20FA1E4427C938F400DA009E /* CoreData Objects + Repositories */ = {
			isa = PBXGroup;
			children = (
				20F1B2E827C2AC8200AC3874 /* WatchinShow.swift */,
				20F1B2F027C39CC300AC3874 /* WatchinShowRepository.swift */,
				20FA1E3827C926F200DA009E /* EpisodeDetail.swift */,
				20FA1E3C27C9272900DA009E /* EpisodeDetailRepository.swift */,
			);
			path = "CoreData Objects + Repositories";
			sourceTree = "<group>";
		};
		EF8B381884DB4EE1A5E31CEE /* Frameworks */ = {
			isa = PBXGroup;
			children = (
				AC78C2B8A6DEDABC334B32E6 /* Pods_Watchin.framework */,
				6C46AC8A1735A9193F671027 /* Pods_WatchinTests.framework */,
			);
			name = Frameworks;
			sourceTree = "<group>";
		};
/* End PBXGroup section */

/* Begin PBXNativeTarget section */
		20DB580C27B162AD0007B649 /* Watchin */ = {
			isa = PBXNativeTarget;
			buildConfigurationList = 20DB583727B162BC0007B649 /* Build configuration list for PBXNativeTarget "Watchin" */;
			buildPhases = (
				6EC88D08584AC19A33EEA93D /* [CP] Check Pods Manifest.lock */,
				20DB580927B162AD0007B649 /* Sources */,
				20DB580A27B162AD0007B649 /* Frameworks */,
				20DB580B27B162AD0007B649 /* Resources */,
				09B3BB3AEB4216452A19596E /* [CP] Embed Pods Frameworks */,
			);
			buildRules = (
			);
			dependencies = (
			);
			name = Watchin;
			productName = Watchin;
			productReference = 20DB580D27B162AE0007B649 /* Watchin.app */;
			productType = "com.apple.product-type.application";
		};
		20DB582227B162BC0007B649 /* WatchinTests */ = {
			isa = PBXNativeTarget;
			buildConfigurationList = 20DB583A27B162BC0007B649 /* Build configuration list for PBXNativeTarget "WatchinTests" */;
			buildPhases = (
				0B38122010F305BE5387CC0F /* [CP] Check Pods Manifest.lock */,
				20DB581F27B162BC0007B649 /* Sources */,
				20DB582027B162BC0007B649 /* Frameworks */,
				20DB582127B162BC0007B649 /* Resources */,
			);
			buildRules = (
			);
			dependencies = (
				20DB582527B162BC0007B649 /* PBXTargetDependency */,
			);
			name = WatchinTests;
			productName = WatchinTests;
			productReference = 20DB582327B162BC0007B649 /* WatchinTests.xctest */;
			productType = "com.apple.product-type.bundle.unit-test";
		};
/* End PBXNativeTarget section */

/* Begin PBXProject section */
		20DB580527B162AD0007B649 /* Project object */ = {
			isa = PBXProject;
			attributes = {
				LastSwiftUpdateCheck = 1240;
				LastUpgradeCheck = 1240;
				TargetAttributes = {
					20DB580C27B162AD0007B649 = {
						CreatedOnToolsVersion = 12.4;
					};
					20DB582227B162BC0007B649 = {
						CreatedOnToolsVersion = 12.4;
						TestTargetID = 20DB580C27B162AD0007B649;
					};
				};
			};
			buildConfigurationList = 20DB580827B162AD0007B649 /* Build configuration list for PBXProject "Watchin" */;
			compatibilityVersion = "Xcode 9.3";
			developmentRegion = en;
			hasScannedForEncodings = 0;
			knownRegions = (
				en,
				Base,
			);
			mainGroup = 20DB580427B162AD0007B649;
			productRefGroup = 20DB580E27B162AE0007B649 /* Products */;
			projectDirPath = "";
			projectRoot = "";
			targets = (
				20DB580C27B162AD0007B649 /* Watchin */,
				20DB582227B162BC0007B649 /* WatchinTests */,
			);
		};
/* End PBXProject section */

/* Begin PBXResourcesBuildPhase section */
		20DB580B27B162AD0007B649 /* Resources */ = {
			isa = PBXResourcesBuildPhase;
			buildActionMask = 2147483647;
			files = (
				20DB581D27B162BC0007B649 /* LaunchScreen.storyboard in Resources */,
				20DB581A27B162BC0007B649 /* Assets.xcassets in Resources */,
				20DB581827B162AE0007B649 /* Main.storyboard in Resources */,
			);
			runOnlyForDeploymentPostprocessing = 0;
		};
		20DB582127B162BC0007B649 /* Resources */ = {
			isa = PBXResourcesBuildPhase;
			buildActionMask = 2147483647;
			files = (
			);
			runOnlyForDeploymentPostprocessing = 0;
		};
/* End PBXResourcesBuildPhase section */

/* Begin PBXShellScriptBuildPhase section */
		09B3BB3AEB4216452A19596E /* [CP] Embed Pods Frameworks */ = {
			isa = PBXShellScriptBuildPhase;
			buildActionMask = 2147483647;
			files = (
			);
			inputFileListPaths = (
				"${PODS_ROOT}/Target Support Files/Pods-Watchin/Pods-Watchin-frameworks-${CONFIGURATION}-input-files.xcfilelist",
			);
			name = "[CP] Embed Pods Frameworks";
			outputFileListPaths = (
				"${PODS_ROOT}/Target Support Files/Pods-Watchin/Pods-Watchin-frameworks-${CONFIGURATION}-output-files.xcfilelist",
			);
			runOnlyForDeploymentPostprocessing = 0;
			shellPath = /bin/sh;
			shellScript = "\"${PODS_ROOT}/Target Support Files/Pods-Watchin/Pods-Watchin-frameworks.sh\"\n";
			showEnvVarsInLog = 0;
		};
		0B38122010F305BE5387CC0F /* [CP] Check Pods Manifest.lock */ = {
			isa = PBXShellScriptBuildPhase;
			buildActionMask = 2147483647;
			files = (
			);
			inputFileListPaths = (
			);
			inputPaths = (
				"${PODS_PODFILE_DIR_PATH}/Podfile.lock",
				"${PODS_ROOT}/Manifest.lock",
			);
			name = "[CP] Check Pods Manifest.lock";
			outputFileListPaths = (
			);
			outputPaths = (
				"$(DERIVED_FILE_DIR)/Pods-WatchinTests-checkManifestLockResult.txt",
			);
			runOnlyForDeploymentPostprocessing = 0;
			shellPath = /bin/sh;
			shellScript = "diff \"${PODS_PODFILE_DIR_PATH}/Podfile.lock\" \"${PODS_ROOT}/Manifest.lock\" > /dev/null\nif [ $? != 0 ] ; then\n    # print error to STDERR\n    echo \"error: The sandbox is not in sync with the Podfile.lock. Run 'pod install' or update your CocoaPods installation.\" >&2\n    exit 1\nfi\n# This output is used by Xcode 'outputs' to avoid re-running this script phase.\necho \"SUCCESS\" > \"${SCRIPT_OUTPUT_FILE_0}\"\n";
			showEnvVarsInLog = 0;
		};
		6EC88D08584AC19A33EEA93D /* [CP] Check Pods Manifest.lock */ = {
			isa = PBXShellScriptBuildPhase;
			buildActionMask = 2147483647;
			files = (
			);
			inputFileListPaths = (
			);
			inputPaths = (
				"${PODS_PODFILE_DIR_PATH}/Podfile.lock",
				"${PODS_ROOT}/Manifest.lock",
			);
			name = "[CP] Check Pods Manifest.lock";
			outputFileListPaths = (
			);
			outputPaths = (
				"$(DERIVED_FILE_DIR)/Pods-Watchin-checkManifestLockResult.txt",
			);
			runOnlyForDeploymentPostprocessing = 0;
			shellPath = /bin/sh;
			shellScript = "diff \"${PODS_PODFILE_DIR_PATH}/Podfile.lock\" \"${PODS_ROOT}/Manifest.lock\" > /dev/null\nif [ $? != 0 ] ; then\n    # print error to STDERR\n    echo \"error: The sandbox is not in sync with the Podfile.lock. Run 'pod install' or update your CocoaPods installation.\" >&2\n    exit 1\nfi\n# This output is used by Xcode 'outputs' to avoid re-running this script phase.\necho \"SUCCESS\" > \"${SCRIPT_OUTPUT_FILE_0}\"\n";
			showEnvVarsInLog = 0;
		};
/* End PBXShellScriptBuildPhase section */

/* Begin PBXSourcesBuildPhase section */
		20DB580927B162AD0007B649 /* Sources */ = {
			isa = PBXSourcesBuildPhase;
			buildActionMask = 2147483647;
			files = (
				2030770C27BD366B00A2AD36 /* Watchin.xcdatamodeld in Sources */,
				20FA1E2527C8E8A000DA009E /* EpisodeTableViewCell.swift in Sources */,
				2030771027BD369100A2AD36 /* CoreDataStack.swift in Sources */,
				203076BF27B56DF500A2AD36 /* SearchResult.swift in Sources */,
				203076BB27B56ADD00A2AD36 /* Platforms.swift in Sources */,
				20E164C927B4111D0057E42C /* UITextField+Extension.swift in Sources */,
				20E164BD27B3CF020057E42C /* EditProfileViewController.swift in Sources */,
				20C56D8327CE7B3200927D6F /* PlatformPickerViewController.swift in Sources */,
				206930F027D3BC6500D82268 /* String+Extension.swift in Sources */,
				203076E127BAA83000A2AD36 /* UIColor+Extension.swift in Sources */,
				20DB581127B162AE0007B649 /* AppDelegate.swift in Sources */,
				203076D527B6C3E100A2AD36 /* ShowResultDetailsViewController.swift in Sources */,
				20FA1E3927C926F200DA009E /* EpisodeDetail.swift in Sources */,
				20F1B2F927C3E14A00AC3874 /* ShowDetailFormatted.swift in Sources */,
				20FA1E2F27C8EA1900DA009E /* EpisodeFormatted.swift in Sources */,
				20C56D7E27CCD71F00927D6F /* Episode.swift in Sources */,
				20DB581327B162AE0007B649 /* SceneDelegate.swift in Sources */,
				203076E927BBBC9D00A2AD36 /* TvShowPreviewTableViewCell.swift in Sources */,
				20FA1E3D27C9272900DA009E /* EpisodeDetailRepository.swift in Sources */,
				20F1B2F127C39CC300AC3874 /* WatchinShowRepository.swift in Sources */,
				20E164B127B1830E0057E42C /* WatchinLaterViewController.swift in Sources */,
				20F1B30727C69BFB00AC3874 /* TrackingViewController.swift in Sources */,
				20E164AD27B182670057E42C /* SearchViewController.swift in Sources */,
				203076FC27BBFC4900A2AD36 /* UserRepository.swift in Sources */,
				203076CD27B67E0C00A2AD36 /* UITableView+Extension.swift in Sources */,
				20E164A927B182190057E42C /* HomeViewController.swift in Sources */,
				203076E527BAAC3500A2AD36 /* ShowDetail.swift in Sources */,
				203076C527B572F500A2AD36 /* TvShowService.swift in Sources */,
				20F1B2E927C2AC8200AC3874 /* WatchinShow.swift in Sources */,
				20F1B2FD27C4EF0700AC3874 /* Show.swift in Sources */,
				203076C927B57C0000A2AD36 /* NetworkService.swift in Sources */,
				203076D127B6AE7C00A2AD36 /* TvShowPreviewProtocol.swift in Sources */,
				20E164B927B3C7CF0057E42C /* TvShowTableViewCell.swift in Sources */,
				2030770627BD0D2000A2AD36 /* User.swift in Sources */,
				20A18E1F27D6074700871DB9 /* WatchinLaterShowDetailsViewController.swift in Sources */,
				206930F427D4F38000D82268 /* WatchinLaterTableViewCell.swift in Sources */,
			);
			runOnlyForDeploymentPostprocessing = 0;
		};
		20DB581F27B162BC0007B649 /* Sources */ = {
			isa = PBXSourcesBuildPhase;
			buildActionMask = 2147483647;
			files = (
				20DB582827B162BC0007B649 /* WatchinTests.swift in Sources */,
			);
			runOnlyForDeploymentPostprocessing = 0;
		};
/* End PBXSourcesBuildPhase section */

/* Begin PBXTargetDependency section */
		20DB582527B162BC0007B649 /* PBXTargetDependency */ = {
			isa = PBXTargetDependency;
			target = 20DB580C27B162AD0007B649 /* Watchin */;
			targetProxy = 20DB582427B162BC0007B649 /* PBXContainerItemProxy */;
		};
/* End PBXTargetDependency section */

/* Begin PBXVariantGroup section */
		20DB581627B162AE0007B649 /* Main.storyboard */ = {
			isa = PBXVariantGroup;
			children = (
				20DB581727B162AE0007B649 /* Base */,
			);
			name = Main.storyboard;
			sourceTree = "<group>";
		};
		20DB581B27B162BC0007B649 /* LaunchScreen.storyboard */ = {
			isa = PBXVariantGroup;
			children = (
				20DB581C27B162BC0007B649 /* Base */,
			);
			name = LaunchScreen.storyboard;
			sourceTree = "<group>";
		};
/* End PBXVariantGroup section */

/* Begin XCBuildConfiguration section */
		20DB583527B162BC0007B649 /* Debug */ = {
			isa = XCBuildConfiguration;
			buildSettings = {
				ALWAYS_SEARCH_USER_PATHS = NO;
				CLANG_ANALYZER_NONNULL = YES;
				CLANG_ANALYZER_NUMBER_OBJECT_CONVERSION = YES_AGGRESSIVE;
				CLANG_CXX_LANGUAGE_STANDARD = "gnu++14";
				CLANG_CXX_LIBRARY = "libc++";
				CLANG_ENABLE_MODULES = YES;
				CLANG_ENABLE_OBJC_ARC = YES;
				CLANG_ENABLE_OBJC_WEAK = YES;
				CLANG_WARN_BLOCK_CAPTURE_AUTORELEASING = YES;
				CLANG_WARN_BOOL_CONVERSION = YES;
				CLANG_WARN_COMMA = YES;
				CLANG_WARN_CONSTANT_CONVERSION = YES;
				CLANG_WARN_DEPRECATED_OBJC_IMPLEMENTATIONS = YES;
				CLANG_WARN_DIRECT_OBJC_ISA_USAGE = YES_ERROR;
				CLANG_WARN_DOCUMENTATION_COMMENTS = YES;
				CLANG_WARN_EMPTY_BODY = YES;
				CLANG_WARN_ENUM_CONVERSION = YES;
				CLANG_WARN_INFINITE_RECURSION = YES;
				CLANG_WARN_INT_CONVERSION = YES;
				CLANG_WARN_NON_LITERAL_NULL_CONVERSION = YES;
				CLANG_WARN_OBJC_IMPLICIT_RETAIN_SELF = YES;
				CLANG_WARN_OBJC_LITERAL_CONVERSION = YES;
				CLANG_WARN_OBJC_ROOT_CLASS = YES_ERROR;
				CLANG_WARN_QUOTED_INCLUDE_IN_FRAMEWORK_HEADER = YES;
				CLANG_WARN_RANGE_LOOP_ANALYSIS = YES;
				CLANG_WARN_STRICT_PROTOTYPES = YES;
				CLANG_WARN_SUSPICIOUS_MOVE = YES;
				CLANG_WARN_UNGUARDED_AVAILABILITY = YES_AGGRESSIVE;
				CLANG_WARN_UNREACHABLE_CODE = YES;
				CLANG_WARN__DUPLICATE_METHOD_MATCH = YES;
				COPY_PHASE_STRIP = NO;
				DEBUG_INFORMATION_FORMAT = dwarf;
				ENABLE_STRICT_OBJC_MSGSEND = YES;
				ENABLE_TESTABILITY = YES;
				GCC_C_LANGUAGE_STANDARD = gnu11;
				GCC_DYNAMIC_NO_PIC = NO;
				GCC_NO_COMMON_BLOCKS = YES;
				GCC_OPTIMIZATION_LEVEL = 0;
				GCC_PREPROCESSOR_DEFINITIONS = (
					"DEBUG=1",
					"$(inherited)",
				);
				GCC_WARN_64_TO_32_BIT_CONVERSION = YES;
				GCC_WARN_ABOUT_RETURN_TYPE = YES_ERROR;
				GCC_WARN_UNDECLARED_SELECTOR = YES;
				GCC_WARN_UNINITIALIZED_AUTOS = YES_AGGRESSIVE;
				GCC_WARN_UNUSED_FUNCTION = YES;
				GCC_WARN_UNUSED_VARIABLE = YES;
				IPHONEOS_DEPLOYMENT_TARGET = 14.0;
				MTL_ENABLE_DEBUG_INFO = INCLUDE_SOURCE;
				MTL_FAST_MATH = YES;
				ONLY_ACTIVE_ARCH = YES;
				SDKROOT = iphoneos;
				SWIFT_ACTIVE_COMPILATION_CONDITIONS = DEBUG;
				SWIFT_OPTIMIZATION_LEVEL = "-Onone";
			};
			name = Debug;
		};
		20DB583627B162BC0007B649 /* Release */ = {
			isa = XCBuildConfiguration;
			buildSettings = {
				ALWAYS_SEARCH_USER_PATHS = NO;
				CLANG_ANALYZER_NONNULL = YES;
				CLANG_ANALYZER_NUMBER_OBJECT_CONVERSION = YES_AGGRESSIVE;
				CLANG_CXX_LANGUAGE_STANDARD = "gnu++14";
				CLANG_CXX_LIBRARY = "libc++";
				CLANG_ENABLE_MODULES = YES;
				CLANG_ENABLE_OBJC_ARC = YES;
				CLANG_ENABLE_OBJC_WEAK = YES;
				CLANG_WARN_BLOCK_CAPTURE_AUTORELEASING = YES;
				CLANG_WARN_BOOL_CONVERSION = YES;
				CLANG_WARN_COMMA = YES;
				CLANG_WARN_CONSTANT_CONVERSION = YES;
				CLANG_WARN_DEPRECATED_OBJC_IMPLEMENTATIONS = YES;
				CLANG_WARN_DIRECT_OBJC_ISA_USAGE = YES_ERROR;
				CLANG_WARN_DOCUMENTATION_COMMENTS = YES;
				CLANG_WARN_EMPTY_BODY = YES;
				CLANG_WARN_ENUM_CONVERSION = YES;
				CLANG_WARN_INFINITE_RECURSION = YES;
				CLANG_WARN_INT_CONVERSION = YES;
				CLANG_WARN_NON_LITERAL_NULL_CONVERSION = YES;
				CLANG_WARN_OBJC_IMPLICIT_RETAIN_SELF = YES;
				CLANG_WARN_OBJC_LITERAL_CONVERSION = YES;
				CLANG_WARN_OBJC_ROOT_CLASS = YES_ERROR;
				CLANG_WARN_QUOTED_INCLUDE_IN_FRAMEWORK_HEADER = YES;
				CLANG_WARN_RANGE_LOOP_ANALYSIS = YES;
				CLANG_WARN_STRICT_PROTOTYPES = YES;
				CLANG_WARN_SUSPICIOUS_MOVE = YES;
				CLANG_WARN_UNGUARDED_AVAILABILITY = YES_AGGRESSIVE;
				CLANG_WARN_UNREACHABLE_CODE = YES;
				CLANG_WARN__DUPLICATE_METHOD_MATCH = YES;
				COPY_PHASE_STRIP = NO;
				DEBUG_INFORMATION_FORMAT = "dwarf-with-dsym";
				ENABLE_NS_ASSERTIONS = NO;
				ENABLE_STRICT_OBJC_MSGSEND = YES;
				GCC_C_LANGUAGE_STANDARD = gnu11;
				GCC_NO_COMMON_BLOCKS = YES;
				GCC_WARN_64_TO_32_BIT_CONVERSION = YES;
				GCC_WARN_ABOUT_RETURN_TYPE = YES_ERROR;
				GCC_WARN_UNDECLARED_SELECTOR = YES;
				GCC_WARN_UNINITIALIZED_AUTOS = YES_AGGRESSIVE;
				GCC_WARN_UNUSED_FUNCTION = YES;
				GCC_WARN_UNUSED_VARIABLE = YES;
				IPHONEOS_DEPLOYMENT_TARGET = 14.0;
				MTL_ENABLE_DEBUG_INFO = NO;
				MTL_FAST_MATH = YES;
				SDKROOT = iphoneos;
				SWIFT_COMPILATION_MODE = wholemodule;
				SWIFT_OPTIMIZATION_LEVEL = "-O";
				VALIDATE_PRODUCT = YES;
			};
			name = Release;
		};
		20DB583827B162BC0007B649 /* Debug */ = {
			isa = XCBuildConfiguration;
			baseConfigurationReference = 11A099D167BD5C0DCF5B48F5 /* Pods-Watchin.debug.xcconfig */;
			buildSettings = {
				ASSETCATALOG_COMPILER_APPICON_NAME = AppIcon;
				ASSETCATALOG_COMPILER_GLOBAL_ACCENT_COLOR_NAME = AccentColor;
				CODE_SIGN_STYLE = Automatic;
				DEVELOPMENT_TEAM = 3UQTFY6Z46;
				INFOPLIST_FILE = "Watchin/Supporting Files/Info.plist";
				LD_RUNPATH_SEARCH_PATHS = (
					"$(inherited)",
					"@executable_path/Frameworks",
				);
				PRODUCT_BUNDLE_IDENTIFIER = com.jacquinlaura.Watchin;
				PRODUCT_NAME = "$(TARGET_NAME)";
				SWIFT_VERSION = 5.0;
				TARGETED_DEVICE_FAMILY = "1,2";
			};
			name = Debug;
		};
		20DB583927B162BC0007B649 /* Release */ = {
			isa = XCBuildConfiguration;
			baseConfigurationReference = FBC58889AFFAA2DAB267E2A2 /* Pods-Watchin.release.xcconfig */;
			buildSettings = {
				ASSETCATALOG_COMPILER_APPICON_NAME = AppIcon;
				ASSETCATALOG_COMPILER_GLOBAL_ACCENT_COLOR_NAME = AccentColor;
				CODE_SIGN_STYLE = Automatic;
				DEVELOPMENT_TEAM = 3UQTFY6Z46;
				INFOPLIST_FILE = "Watchin/Supporting Files/Info.plist";
				LD_RUNPATH_SEARCH_PATHS = (
					"$(inherited)",
					"@executable_path/Frameworks",
				);
				PRODUCT_BUNDLE_IDENTIFIER = com.jacquinlaura.Watchin;
				PRODUCT_NAME = "$(TARGET_NAME)";
				SWIFT_VERSION = 5.0;
				TARGETED_DEVICE_FAMILY = "1,2";
			};
			name = Release;
		};
		20DB583B27B162BC0007B649 /* Debug */ = {
			isa = XCBuildConfiguration;
			baseConfigurationReference = 38BB3F411BC8914E025AD359 /* Pods-WatchinTests.debug.xcconfig */;
			buildSettings = {
				ALWAYS_EMBED_SWIFT_STANDARD_LIBRARIES = YES;
				BUNDLE_LOADER = "$(TEST_HOST)";
				CODE_SIGN_STYLE = Automatic;
				DEVELOPMENT_TEAM = 3UQTFY6Z46;
				INFOPLIST_FILE = WatchinTests/Info.plist;
				IPHONEOS_DEPLOYMENT_TARGET = 14.4;
				LD_RUNPATH_SEARCH_PATHS = (
					"$(inherited)",
					"@executable_path/Frameworks",
					"@loader_path/Frameworks",
				);
				PRODUCT_BUNDLE_IDENTIFIER = com.jacquinlaura.WatchinTests;
				PRODUCT_NAME = "$(TARGET_NAME)";
				SWIFT_VERSION = 5.0;
				TARGETED_DEVICE_FAMILY = "1,2";
				TEST_HOST = "$(BUILT_PRODUCTS_DIR)/Watchin.app/Watchin";
			};
			name = Debug;
		};
		20DB583C27B162BC0007B649 /* Release */ = {
			isa = XCBuildConfiguration;
			baseConfigurationReference = 6623109F53824A104C01BC1C /* Pods-WatchinTests.release.xcconfig */;
			buildSettings = {
				ALWAYS_EMBED_SWIFT_STANDARD_LIBRARIES = YES;
				BUNDLE_LOADER = "$(TEST_HOST)";
				CODE_SIGN_STYLE = Automatic;
				DEVELOPMENT_TEAM = 3UQTFY6Z46;
				INFOPLIST_FILE = WatchinTests/Info.plist;
				IPHONEOS_DEPLOYMENT_TARGET = 14.4;
				LD_RUNPATH_SEARCH_PATHS = (
					"$(inherited)",
					"@executable_path/Frameworks",
					"@loader_path/Frameworks",
				);
				PRODUCT_BUNDLE_IDENTIFIER = com.jacquinlaura.WatchinTests;
				PRODUCT_NAME = "$(TARGET_NAME)";
				SWIFT_VERSION = 5.0;
				TARGETED_DEVICE_FAMILY = "1,2";
				TEST_HOST = "$(BUILT_PRODUCTS_DIR)/Watchin.app/Watchin";
			};
			name = Release;
		};
/* End XCBuildConfiguration section */

/* Begin XCConfigurationList section */
		20DB580827B162AD0007B649 /* Build configuration list for PBXProject "Watchin" */ = {
			isa = XCConfigurationList;
			buildConfigurations = (
				20DB583527B162BC0007B649 /* Debug */,
				20DB583627B162BC0007B649 /* Release */,
			);
			defaultConfigurationIsVisible = 0;
			defaultConfigurationName = Release;
		};
		20DB583727B162BC0007B649 /* Build configuration list for PBXNativeTarget "Watchin" */ = {
			isa = XCConfigurationList;
			buildConfigurations = (
				20DB583827B162BC0007B649 /* Debug */,
				20DB583927B162BC0007B649 /* Release */,
			);
			defaultConfigurationIsVisible = 0;
			defaultConfigurationName = Release;
		};
		20DB583A27B162BC0007B649 /* Build configuration list for PBXNativeTarget "WatchinTests" */ = {
			isa = XCConfigurationList;
			buildConfigurations = (
				20DB583B27B162BC0007B649 /* Debug */,
				20DB583C27B162BC0007B649 /* Release */,
			);
			defaultConfigurationIsVisible = 0;
			defaultConfigurationName = Release;
		};
/* End XCConfigurationList section */

/* Begin XCVersionGroup section */
		2030770A27BD366B00A2AD36 /* Watchin.xcdatamodeld */ = {
			isa = XCVersionGroup;
			children = (
				2030770B27BD366B00A2AD36 /* Watchin.xcdatamodel */,
			);
			currentVersion = 2030770B27BD366B00A2AD36 /* Watchin.xcdatamodel */;
			path = Watchin.xcdatamodeld;
			sourceTree = "<group>";
			versionGroupType = wrapper.xcdatamodel;
		};
/* End XCVersionGroup section */
	};
	rootObject = 20DB580527B162AD0007B649 /* Project object */;
}
